
Microsoft Visual Studio Solution File, Format Version 12.00
# Visual Studio Version 17
VisualStudioVersion = 17.3.32901.215
MinimumVisualStudioVersion = 10.0.40219.1
Project("{FAE04EC0-301F-11D3-BF4B-00C04F79EFBC}") = "BloodBankMS", "BloodBankMS\BloodBankMS.csproj", "{02FB602B-CA34-4336-AD2D-627B562198FC}"
EndProject
Global
	GlobalSection(SolutionConfigurationPlatforms) = preSolution
		Debug|Any CPU = Debug|Any CPU
		Release|Any CPU = Release|Any CPU
	EndGlobalSection
	GlobalSection(ProjectConfigurationPlatforms) = postSolution
		{02FB602B-CA34-4336-AD2D-627B562198FC}.Debug|Any CPU.ActiveCfg = Debug|Any CPU
		{02FB602B-CA34-4336-AD2D-627B562198FC}.Debug|Any CPU.Build.0 = Debug|Any CPU
		{02FB602B-CA34-4336-AD2D-627B562198FC}.Release|Any CPU.ActiveCfg = Release|Any CPU
		{02FB602B-CA34-4336-AD2D-627B562198FC}.Release|Any CPU.Build.0 = Release|Any CPU
	EndGlobalSection
	GlobalSection(SolutionProperties) = preSolution
		HideSolutionNode = FALSE
	EndGlobalSection
	GlobalSection(ExtensibilityGlobals) = postSolution
		SolutionGuid = {FB05D25D-5FD8-477C-8F53-9CA9FAF3B085}
	EndGlobalSection
EndGlobal
